
Microsoft Visual Studio Solution File, Format Version 12.00
# Visual Studio Version 17
VisualStudioVersion = 17.14.36408.4
MinimumVisualStudioVersion = 10.0.40219.1
Project("{FAE04EC0-301F-11D3-BF4B-00C04F79EFBC}") = "Framework.AuthDomain", "Framework.AuthDomain\Framework.AuthDomain.csproj", "{AADEDC38-A1CA-437B-A872-A97B2F74E4DF}"
EndProject
Project("{FAE04EC0-301F-11D3-BF4B-00C04F79EFBC}") = "Framework.Tests", "Framework.Tests\Framework.Tests.csproj", "{22774746-41CF-45C7-BB57-8225DB117EC2}"
EndProject
Project("{FAE04EC0-301F-11D3-BF4B-00C04F79EFBC}") = "Framework.AuthApi", "Framework.AuthApi\Framework.AuthApi.csproj", "{DA7BBD65-1D38-43B2-90FD-822919ADF84C}"
EndProject
Project("{FAE04EC0-301F-11D3-BF4B-00C04F79EFBC}") = "Framework", "Framework\Framework.csproj", "{6087BF56-57AA-47C6-A613-C23CCF36FA68}"
EndProject
Global
	GlobalSection(SolutionConfigurationPlatforms) = preSolution
		Debug|Any CPU = Debug|Any CPU
		Release|Any CPU = Release|Any CPU
	EndGlobalSection
	GlobalSection(ProjectConfigurationPlatforms) = postSolution
		{AADEDC38-A1CA-437B-A872-A97B2F74E4DF}.Debug|Any CPU.ActiveCfg = Debug|Any CPU
		{AADEDC38-A1CA-437B-A872-A97B2F74E4DF}.Debug|Any CPU.Build.0 = Debug|Any CPU
		{AADEDC38-A1CA-437B-A872-A97B2F74E4DF}.Release|Any CPU.ActiveCfg = Release|Any CPU
		{AADEDC38-A1CA-437B-A872-A97B2F74E4DF}.Release|Any CPU.Build.0 = Release|Any CPU
		{22774746-41CF-45C7-BB57-8225DB117EC2}.Debug|Any CPU.ActiveCfg = Debug|Any CPU
		{22774746-41CF-45C7-BB57-8225DB117EC2}.Debug|Any CPU.Build.0 = Debug|Any CPU
		{22774746-41CF-45C7-BB57-8225DB117EC2}.Release|Any CPU.ActiveCfg = Release|Any CPU
		{22774746-41CF-45C7-BB57-8225DB117EC2}.Release|Any CPU.Build.0 = Release|Any CPU
		{DA7BBD65-1D38-43B2-90FD-822919ADF84C}.Debug|Any CPU.ActiveCfg = Debug|Any CPU
		{DA7BBD65-1D38-43B2-90FD-822919ADF84C}.Debug|Any CPU.Build.0 = Debug|Any CPU
		{DA7BBD65-1D38-43B2-90FD-822919ADF84C}.Release|Any CPU.ActiveCfg = Release|Any CPU
		{DA7BBD65-1D38-43B2-90FD-822919ADF84C}.Release|Any CPU.Build.0 = Release|Any CPU
		{6087BF56-57AA-47C6-A613-C23CCF36FA68}.Debug|Any CPU.ActiveCfg = Debug|Any CPU
		{6087BF56-57AA-47C6-A613-C23CCF36FA68}.Debug|Any CPU.Build.0 = Debug|Any CPU
		{6087BF56-57AA-47C6-A613-C23CCF36FA68}.Release|Any CPU.ActiveCfg = Release|Any CPU
		{6087BF56-57AA-47C6-A613-C23CCF36FA68}.Release|Any CPU.Build.0 = Release|Any CPU
	EndGlobalSection
	GlobalSection(SolutionProperties) = preSolution
		HideSolutionNode = FALSE
	EndGlobalSection
	GlobalSection(ExtensibilityGlobals) = postSolution
		SolutionGuid = {68F32611-FED5-4D15-B953-AD783676D6C0}
	EndGlobalSection
EndGlobal
